<?xml version="1.0" encoding="utf-8"?>
<Project ToolsVersion="4.0" xmlns="http://schemas.microsoft.com/developer/msbuild/2003">
  <ItemGroup>
    <Filter Include="Source Files">
      <UniqueIdentifier>{4FC737F1-C7A5-4376-A066-2A32D752A2FF}</UniqueIdentifier>
      <Extensions>cpp;c;cc;cxx;def;odl;idl;hpj;bat;asm;asmx</Extensions>
    </Filter>
    <Filter Include="Header Files">
      <UniqueIdentifier>{93995380-89BD-4b04-88EB-625FBE52EBFB}</UniqueIdentifier>
      <Extensions>h;hh;hpp;hxx;hm;inl;inc;xsd</Extensions>
    </Filter>
    <Filter Include="Resource Files">
      <UniqueIdentifier>{67DA6AB6-F800-4c08-8B7A-83BB121AAD01}</UniqueIdentifier>
      <Extensions>rc;ico;cur;bmp;dlg;rc2;rct;bin;rgs;gif;jpg;jpeg;jpe;resx;tiff;tif;png;wav;mfcribbon-ms</Extensions>
    </Filter>
  </ItemGroup>
  <ItemGroup>
    <Text Include="ReadMe.txt" />
  </ItemGroup>
  <ItemGroup>
    <ClInclude Include="stdafx.h">
      <Filter>Header Files</Filter>
    </ClInclude>
    <ClInclude Include="targetver.h">
      <Filter>Header Files</Filter>
    </ClInclude>
    <ClInclude Include="eventbridge.h">
      <Filter>Header Files</Filter>
    </ClInclude>
    <ClInclude Include="eventchannel.h">
      <Filter>Header Files</Filter>
    </ClInclude>
    <ClInclude Include="eventhandler.h">
      <Filter>Header Files</Filter>
    </ClInclude>
    <ClInclude Include="eventhandlerqueue.h">
      <Filter>Header Files</Filter>
    </ClInclude>
    <ClInclude Include="StateMachine.h">
      <Filter>Header Files</Filter>
    </ClInclude>
    <ClInclude Include="StateMachineTest.h">
      <Filter>Header Files</Filter>
    </ClInclude>
    <ClInclude Include="StateTransition.h">
      <Filter>Header Files</Filter>
    </ClInclude>
    <ClInclude Include="EventTansitionStateTest.h">
      <Filter>Header Files</Filter>
    </ClInclude>
    <ClInclude Include="XFormBuffer.h">
      <Filter>Header Files</Filter>
    </ClInclude>
    <ClInclude Include="GameObject.h">
      <Filter>Header Files</Filter>
    </ClInclude>
    <ClInclude Include="Vec2.h">
      <Filter>Header Files</Filter>
    </ClInclude>
    <ClInclude Include="TSingleton.h">
      <Filter>Header Files</Filter>
    </ClInclude>
    <ClInclude Include="ThreadBase.h">
      <Filter>Header Files</Filter>
    </ClInclude>
    <ClInclude Include="RenderThread.h">
      <Filter>Header Files</Filter>
    </ClInclude>
    <ClInclude Include="Log.h">
      <Filter>Header Files</Filter>
    </ClInclude>
    <ClInclude Include="Task.h">
      <Filter>Header Files</Filter>
    </ClInclude>
    <ClInclude Include="taskmanager.h">
      <Filter>Header Files</Filter>
    </ClInclude>
    <ClInclude Include="concurrent_queue.h">
      <Filter>Header Files</Filter>
    </ClInclude>
    <ClInclude Include="Boid.h">
      <Filter>Header Files</Filter>
    </ClInclude>
    <ClInclude Include="EventAllInOne.h">
      <Filter>Header Files</Filter>
    </ClInclude>
  </ItemGroup>
  <ItemGroup>
    <ClCompile Include="stdafx.cpp">
      <Filter>Source Files</Filter>
    </ClCompile>
    <ClCompile Include="eventFramework.cpp">
      <Filter>Source Files</Filter>
    </ClCompile>
    <ClCompile Include="StateMachine.cpp">
      <Filter>Source Files</Filter>
    </ClCompile>
    <ClCompile Include="StateMachineTest.cpp">
      <Filter>Source Files</Filter>
    </ClCompile>
    <ClCompile Include="StateTransition.cpp">
      <Filter>Source Files</Filter>
    </ClCompile>
    <ClCompile Include="EventTansitionStateTest.cpp">
      <Filter>Source Files</Filter>
    </ClCompile>
    <ClCompile Include="XFormBuffer.cpp">
      <Filter>Source Files</Filter>
    </ClCompile>
    <ClCompile Include="GameObject.cpp">
      <Filter>Source Files</Filter>
    </ClCompile>
    <ClCompile Include="TSingleton.cpp">
      <Filter>Source Files</Filter>
    </ClCompile>
    <ClCompile Include="ThreadBase.cpp">
      <Filter>Source Files</Filter>
    </ClCompile>
    <ClCompile Include="RenderThread.cpp">
      <Filter>Source Files</Filter>
    </ClCompile>
    <ClCompile Include="Taskmanager.cpp">
      <Filter>Source Files</Filter>
    </ClCompile>
    <ClCompile Include="Task.cpp">
      <Filter>Source Files</Filter>
    </ClCompile>
    <ClCompile Include="Boid.cpp">
      <Filter>Source Files</Filter>
    </ClCompile>
  </ItemGroup>
</Project>