
Microsoft Visual Studio Solution File, Format Version 12.00
# Visual Studio 2013
VisualStudioVersion = 12.0.21005.1
MinimumVisualStudioVersion = 10.0.40219.1
Project("{8BC9CEB8-8B4A-11D0-8D11-00A0C91BC942}") = "FrameworkSocket", "FrameworkSocket\FrameworkSocket.vcxproj", "{6E85EE7F-B2D7-4B4F-A186-AB2DBD8A5720}"
EndProject
Project("{8BC9CEB8-8B4A-11D0-8D11-00A0C91BC942}") = "FrameworkCommon", "FrameworkCommon\FrameworkCommon.vcxproj", "{1CA45DC2-72D5-4753-80E7-94F257A70D63}"
EndProject
Project("{8BC9CEB8-8B4A-11D0-8D11-00A0C91BC942}") = "SocketServer", "SocketServer\SocketServer.vcxproj", "{CECD6B1B-3407-4EF1-B526-0C0227AA2519}"
EndProject
Global
	GlobalSection(SolutionConfigurationPlatforms) = preSolution
		Debug|Win32 = Debug|Win32
		Release|Win32 = Release|Win32
	EndGlobalSection
	GlobalSection(ProjectConfigurationPlatforms) = postSolution
		{6E85EE7F-B2D7-4B4F-A186-AB2DBD8A5720}.Debug|Win32.ActiveCfg = Debug|Win32
		{6E85EE7F-B2D7-4B4F-A186-AB2DBD8A5720}.Debug|Win32.Build.0 = Debug|Win32
		{6E85EE7F-B2D7-4B4F-A186-AB2DBD8A5720}.Release|Win32.ActiveCfg = Release|Win32
		{6E85EE7F-B2D7-4B4F-A186-AB2DBD8A5720}.Release|Win32.Build.0 = Release|Win32
		{1CA45DC2-72D5-4753-80E7-94F257A70D63}.Debug|Win32.ActiveCfg = Debug|Win32
		{1CA45DC2-72D5-4753-80E7-94F257A70D63}.Debug|Win32.Build.0 = Debug|Win32
		{1CA45DC2-72D5-4753-80E7-94F257A70D63}.Release|Win32.ActiveCfg = Release|Win32
		{1CA45DC2-72D5-4753-80E7-94F257A70D63}.Release|Win32.Build.0 = Release|Win32
		{CECD6B1B-3407-4EF1-B526-0C0227AA2519}.Debug|Win32.ActiveCfg = Debug|Win32
		{CECD6B1B-3407-4EF1-B526-0C0227AA2519}.Debug|Win32.Build.0 = Debug|Win32
		{CECD6B1B-3407-4EF1-B526-0C0227AA2519}.Release|Win32.ActiveCfg = Release|Win32
		{CECD6B1B-3407-4EF1-B526-0C0227AA2519}.Release|Win32.Build.0 = Release|Win32
	EndGlobalSection
	GlobalSection(SolutionProperties) = preSolution
		HideSolutionNode = FALSE
	EndGlobalSection
EndGlobal
