
Microsoft Visual Studio Solution File, Format Version 11.00
# Visual Studio 2010
Project("{8BC9CEB8-8B4A-11D0-8D11-00A0C91BC942}") = "03ES1Framework", "03ES1Framework.vcxproj", "{54D343D9-D1D6-4152-B1E7-CFAAB638F0ED}"
EndProject
Global
	GlobalSection(SolutionConfigurationPlatforms) = preSolution
		Debug|Win32 = Debug|Win32
		Release|Win32 = Release|Win32
	EndGlobalSection
	GlobalSection(ProjectConfigurationPlatforms) = postSolution
		{54D343D9-D1D6-4152-B1E7-CFAAB638F0ED}.Debug|Win32.ActiveCfg = Debug|Win32
		{54D343D9-D1D6-4152-B1E7-CFAAB638F0ED}.Debug|Win32.Build.0 = Debug|Win32
		{54D343D9-D1D6-4152-B1E7-CFAAB638F0ED}.Release|Win32.ActiveCfg = Release|Win32
		{54D343D9-D1D6-4152-B1E7-CFAAB638F0ED}.Release|Win32.Build.0 = Release|Win32
	EndGlobalSection
	GlobalSection(SolutionProperties) = preSolution
		HideSolutionNode = FALSE
	EndGlobalSection
EndGlobal
